{
  "pins" : [
    {
      "identity" : "cocoaasyncsocket",
      "kind" : "remoteSourceControl",
      "location" : "https://github.com/robbiehanson/CocoaAsyncSocket",
      "state" : {
        "revision" : "dbdc00669c1ced63b27c3c5f052ee4d28f10150c",
        "version" : "7.6.5"
      }
    },
    {
      "identity" : "wechatopensdk-spm",
      "kind" : "remoteSourceControl",
      "location" : "https://github.com/JarvanMo/WechatOpenSDK-SPM",
      "state" : {
        "revision" : "8175b246203fc5f70664588046e29675d914ac44",
        "version" : "2.0.5"
      }
    }
  ],
  "version" : 2
}
